// !$*UTF8*$!
{
	archiveVersion = 1;
	classes = {
	};
	objectVersion = 50;
	objects = {

/* Begin PBXBuildFile section */
		A6DD78F9231543330079AF4A /* AppDelegate.m in Sources */ = {isa = PBXBuildFile; fileRef = A6DD78F8231543330079AF4A /* AppDelegate.m */; };
		A6DD78FC231543330079AF4A /* ViewController.m in Sources */ = {isa = PBXBuildFile; fileRef = A6DD78FB231543330079AF4A /* ViewController.m */; };
		A6DD78FF231543330079AF4A /* Main.storyboard in Resources */ = {isa = PBXBuildFile; fileRef = A6DD78FD231543330079AF4A /* Main.storyboard */; };
		A6DD7902231543330079AF4A /* UsersDataList.xcdatamodeld in Sources */ = {isa = PBXBuildFile; fileRef = A6DD7900231543330079AF4A /* UsersDataList.xcdatamodeld */; };
		A6DD7904231543340079AF4A /* Assets.xcassets in Resources */ = {isa = PBXBuildFile; fileRef = A6DD7903231543340079AF4A /* Assets.xcassets */; };
		A6DD7907231543340079AF4A /* LaunchScreen.storyboard in Resources */ = {isa = PBXBuildFile; fileRef = A6DD7905231543340079AF4A /* LaunchScreen.storyboard */; };
		A6DD790A231543340079AF4A /* main.m in Sources */ = {isa = PBXBuildFile; fileRef = A6DD7909231543340079AF4A /* main.m */; };
		A6DD7914231543340079AF4A /* UsersDataListTests.m in Sources */ = {isa = PBXBuildFile; fileRef = A6DD7913231543340079AF4A /* UsersDataListTests.m */; };
		A6DD791F231543340079AF4A /* UsersDataListUITests.m in Sources */ = {isa = PBXBuildFile; fileRef = A6DD791E231543340079AF4A /* UsersDataListUITests.m */; };
/* End PBXBuildFile section */

/* Begin PBXContainerItemProxy section */
		A6DD7910231543340079AF4A /* PBXContainerItemProxy */ = {
			isa = PBXContainerItemProxy;
			containerPortal = A6DD78EC231543330079AF4A /* Project object */;
			proxyType = 1;
			remoteGlobalIDString = A6DD78F3231543330079AF4A;
			remoteInfo = UsersDataList;
		};
		A6DD791B231543340079AF4A /* PBXContainerItemProxy */ = {
			isa = PBXContainerItemProxy;
			containerPortal = A6DD78EC231543330079AF4A /* Project object */;
			proxyType = 1;
			remoteGlobalIDString = A6DD78F3231543330079AF4A;
			remoteInfo = UsersDataList;
		};
/* End PBXContainerItemProxy section */

/* Begin PBXFileReference section */
		A6DD78F4231543330079AF4A /* UsersDataList.app */ = {isa = PBXFileReference; explicitFileType = wrapper.application; includeInIndex = 0; path = UsersDataList.app; sourceTree = BUILT_PRODUCTS_DIR; };
		A6DD78F7231543330079AF4A /* AppDelegate.h */ = {isa = PBXFileReference; lastKnownFileType = sourcecode.c.h; path = AppDelegate.h; sourceTree = "<group>"; };
		A6DD78F8231543330079AF4A /* AppDelegate.m */ = {isa = PBXFileReference; lastKnownFileType = sourcecode.c.objc; path = AppDelegate.m; sourceTree = "<group>"; };
		A6DD78FA231543330079AF4A /* ViewController.h */ = {isa = PBXFileReference; lastKnownFileType = sourcecode.c.h; path = ViewController.h; sourceTree = "<group>"; };
		A6DD78FB231543330079AF4A /* ViewController.m */ = {isa = PBXFileReference; lastKnownFileType = sourcecode.c.objc; path = ViewController.m; sourceTree = "<group>"; };
		A6DD78FE231543330079AF4A /* Base */ = {isa = PBXFileReference; lastKnownFileType = file.storyboard; name = Base; path = Base.lproj/Main.storyboard; sourceTree = "<group>"; };
		A6DD7901231543330079AF4A /* UsersDataList.xcdatamodel */ = {isa = PBXFileReference; lastKnownFileType = wrapper.xcdatamodel; path = UsersDataList.xcdatamodel; sourceTree = "<group>"; };
		A6DD7903231543340079AF4A /* Assets.xcassets */ = {isa = PBXFileReference; lastKnownFileType = folder.assetcatalog; path = Assets.xcassets; sourceTree = "<group>"; };
		A6DD7906231543340079AF4A /* Base */ = {isa = PBXFileReference; lastKnownFileType = file.storyboard; name = Base; path = Base.lproj/LaunchScreen.storyboard; sourceTree = "<group>"; };
		A6DD7908231543340079AF4A /* Info.plist */ = {isa = PBXFileReference; lastKnownFileType = text.plist.xml; path = Info.plist; sourceTree = "<group>"; };
		A6DD7909231543340079AF4A /* main.m */ = {isa = PBXFileReference; lastKnownFileType = sourcecode.c.objc; path = main.m; sourceTree = "<group>"; };
		A6DD790F231543340079AF4A /* UsersDataListTests.xctest */ = {isa = PBXFileReference; explicitFileType = wrapper.cfbundle; includeInIndex = 0; path = UsersDataListTests.xctest; sourceTree = BUILT_PRODUCTS_DIR; };
		A6DD7913231543340079AF4A /* UsersDataListTests.m */ = {isa = PBXFileReference; lastKnownFileType = sourcecode.c.objc; path = UsersDataListTests.m; sourceTree = "<group>"; };
		A6DD7915231543340079AF4A /* Info.plist */ = {isa = PBXFileReference; lastKnownFileType = text.plist.xml; path = Info.plist; sourceTree = "<group>"; };
		A6DD791A231543340079AF4A /* UsersDataListUITests.xctest */ = {isa = PBXFileReference; explicitFileType = wrapper.cfbundle; includeInIndex = 0; path = UsersDataListUITests.xctest; sourceTree = BUILT_PRODUCTS_DIR; };
		A6DD791E231543340079AF4A /* UsersDataListUITests.m */ = {isa = PBXFileReference; lastKnownFileType = sourcecode.c.objc; path = UsersDataListUITests.m; sourceTree = "<group>"; };
		A6DD7920231543340079AF4A /* Info.plist */ = {isa = PBXFileReference; lastKnownFileType = text.plist.xml; path = Info.plist; sourceTree = "<group>"; };
/* End PBXFileReference section */

/* Begin PBXFrameworksBuildPhase section */
		A6DD78F1231543330079AF4A /* Frameworks */ = {
			isa = PBXFrameworksBuildPhase;
			buildActionMask = 2147483647;
			files = (
			);
			runOnlyForDeploymentPostprocessing = 0;
		};
		A6DD790C231543340079AF4A /* Frameworks */ = {
			isa = PBXFrameworksBuildPhase;
			buildActionMask = 2147483647;
			files = (
			);
			runOnlyForDeploymentPostprocessing = 0;
		};
		A6DD7917231543340079AF4A /* Frameworks */ = {
			isa = PBXFrameworksBuildPhase;
			buildActionMask = 2147483647;
			files = (
			);
			runOnlyForDeploymentPostprocessing = 0;
		};
/* End PBXFrameworksBuildPhase section */

/* Begin PBXGroup section */
		A6DD78EB231543330079AF4A = {
			isa = PBXGroup;
			children = (
				A6DD78F6231543330079AF4A /* UsersDataList */,
				A6DD7912231543340079AF4A /* UsersDataListTests */,
				A6DD791D231543340079AF4A /* UsersDataListUITests */,
				A6DD78F5231543330079AF4A /* Products */,
			);
			sourceTree = "<group>";
		};
		A6DD78F5231543330079AF4A /* Products */ = {
			isa = PBXGroup;
			children = (
				A6DD78F4231543330079AF4A /* UsersDataList.app */,
				A6DD790F231543340079AF4A /* UsersDataListTests.xctest */,
				A6DD791A231543340079AF4A /* UsersDataListUITests.xctest */,
			);
			name = Products;
			sourceTree = "<group>";
		};
		A6DD78F6231543330079AF4A /* UsersDataList */ = {
			isa = PBXGroup;
			children = (
				A6DD78F7231543330079AF4A /* AppDelegate.h */,
				A6DD78F8231543330079AF4A /* AppDelegate.m */,
				A6DD78FA231543330079AF4A /* ViewController.h */,
				A6DD78FB231543330079AF4A /* ViewController.m */,
				A6DD78FD231543330079AF4A /* Main.storyboard */,
				A6DD7903231543340079AF4A /* Assets.xcassets */,
				A6DD7905231543340079AF4A /* LaunchScreen.storyboard */,
				A6DD7908231543340079AF4A /* Info.plist */,
				A6DD7909231543340079AF4A /* main.m */,
				A6DD7900231543330079AF4A /* UsersDataList.xcdatamodeld */,
			);
			path = UsersDataList;
			sourceTree = "<group>";
		};
		A6DD7912231543340079AF4A /* UsersDataListTests */ = {
			isa = PBXGroup;
			children = (
				A6DD7913231543340079AF4A /* UsersDataListTests.m */,
				A6DD7915231543340079AF4A /* Info.plist */,
			);
			path = UsersDataListTests;
			sourceTree = "<group>";
		};
		A6DD791D231543340079AF4A /* UsersDataListUITests */ = {
			isa = PBXGroup;
			children = (
				A6DD791E231543340079AF4A /* UsersDataListUITests.m */,
				A6DD7920231543340079AF4A /* Info.plist */,
			);
			path = UsersDataListUITests;
			sourceTree = "<group>";
		};
/* End PBXGroup section */

/* Begin PBXNativeTarget section */
		A6DD78F3231543330079AF4A /* UsersDataList */ = {
			isa = PBXNativeTarget;
			buildConfigurationList = A6DD7923231543340079AF4A /* Build configuration list for PBXNativeTarget "UsersDataList" */;
			buildPhases = (
				A6DD78F0231543330079AF4A /* Sources */,
				A6DD78F1231543330079AF4A /* Frameworks */,
				A6DD78F2231543330079AF4A /* Resources */,
			);
			buildRules = (
			);
			dependencies = (
			);
			name = UsersDataList;
			productName = UsersDataList;
			productReference = A6DD78F4231543330079AF4A /* UsersDataList.app */;
			productType = "com.apple.product-type.application";
		};
		A6DD790E231543340079AF4A /* UsersDataListTests */ = {
			isa = PBXNativeTarget;
			buildConfigurationList = A6DD7926231543340079AF4A /* Build configuration list for PBXNativeTarget "UsersDataListTests" */;
			buildPhases = (
				A6DD790B231543340079AF4A /* Sources */,
				A6DD790C231543340079AF4A /* Frameworks */,
				A6DD790D231543340079AF4A /* Resources */,
			);
			buildRules = (
			);
			dependencies = (
				A6DD7911231543340079AF4A /* PBXTargetDependency */,
			);
			name = UsersDataListTests;
			productName = UsersDataListTests;
			productReference = A6DD790F231543340079AF4A /* UsersDataListTests.xctest */;
			productType = "com.apple.product-type.bundle.unit-test";
		};
		A6DD7919231543340079AF4A /* UsersDataListUITests */ = {
			isa = PBXNativeTarget;
			buildConfigurationList = A6DD7929231543340079AF4A /* Build configuration list for PBXNativeTarget "UsersDataListUITests" */;
			buildPhases = (
				A6DD7916231543340079AF4A /* Sources */,
				A6DD7917231543340079AF4A /* Frameworks */,
				A6DD7918231543340079AF4A /* Resources */,
			);
			buildRules = (
			);
			dependencies = (
				A6DD791C231543340079AF4A /* PBXTargetDependency */,
			);
			name = UsersDataListUITests;
			productName = UsersDataListUITests;
			productReference = A6DD791A231543340079AF4A /* UsersDataListUITests.xctest */;
			productType = "com.apple.product-type.bundle.ui-testing";
		};
/* End PBXNativeTarget section */

/* Begin PBXProject section */
		A6DD78EC231543330079AF4A /* Project object */ = {
			isa = PBXProject;
			attributes = {
				LastUpgradeCheck = 1010;
				ORGANIZATIONNAME = Eva;
				TargetAttributes = {
					A6DD78F3231543330079AF4A = {
						CreatedOnToolsVersion = 10.1;
					};
					A6DD790E231543340079AF4A = {
						CreatedOnToolsVersion = 10.1;
						TestTargetID = A6DD78F3231543330079AF4A;
					};
					A6DD7919231543340079AF4A = {
						CreatedOnToolsVersion = 10.1;
						TestTargetID = A6DD78F3231543330079AF4A;
					};
				};
			};
			buildConfigurationList = A6DD78EF231543330079AF4A /* Build configuration list for PBXProject "UsersDataList" */;
			compatibilityVersion = "Xcode 9.3";
			developmentRegion = en;
			hasScannedForEncodings = 0;
			knownRegions = (
				en,
				Base,
			);
			mainGroup = A6DD78EB231543330079AF4A;
			productRefGroup = A6DD78F5231543330079AF4A /* Products */;
			projectDirPath = "";
			projectRoot = "";
			targets = (
				A6DD78F3231543330079AF4A /* UsersDataList */,
				A6DD790E231543340079AF4A /* UsersDataListTests */,
				A6DD7919231543340079AF4A /* UsersDataListUITests */,
			);
		};
/* End PBXProject section */

/* Begin PBXResourcesBuildPhase section */
		A6DD78F2231543330079AF4A /* Resources */ = {
			isa = PBXResourcesBuildPhase;
			buildActionMask = 2147483647;
			files = (
				A6DD7907231543340079AF4A /* LaunchScreen.storyboard in Resources */,
				A6DD7904231543340079AF4A /* Assets.xcassets in Resources */,
				A6DD78FF231543330079AF4A /* Main.storyboard in Resources */,
			);
			runOnlyForDeploymentPostprocessing = 0;
		};
		A6DD790D231543340079AF4A /* Resources */ = {
			isa = PBXResourcesBuildPhase;
			buildActionMask = 2147483647;
			files = (
			);
			runOnlyForDeploymentPostprocessing = 0;
		};
		A6DD7918231543340079AF4A /* Resources */ = {
			isa = PBXResourcesBuildPhase;
			buildActionMask = 2147483647;
			files = (
			);
			runOnlyForDeploymentPostprocessing = 0;
		};
/* End PBXResourcesBuildPhase section */

/* Begin PBXSourcesBuildPhase section */
		A6DD78F0231543330079AF4A /* Sources */ = {
			isa = PBXSourcesBuildPhase;
			buildActionMask = 2147483647;
			files = (
				A6DD78FC231543330079AF4A /* ViewController.m in Sources */,
				A6DD7902231543330079AF4A /* UsersDataList.xcdatamodeld in Sources */,
				A6DD790A231543340079AF4A /* main.m in Sources */,
				A6DD78F9231543330079AF4A /* AppDelegate.m in Sources */,
			);
			runOnlyForDeploymentPostprocessing = 0;
		};
		A6DD790B231543340079AF4A /* Sources */ = {
			isa = PBXSourcesBuildPhase;
			buildActionMask = 2147483647;
			files = (
				A6DD7914231543340079AF4A /* UsersDataListTests.m in Sources */,
			);
			runOnlyForDeploymentPostprocessing = 0;
		};
		A6DD7916231543340079AF4A /* Sources */ = {
			isa = PBXSourcesBuildPhase;
			buildActionMask = 2147483647;
			files = (
				A6DD791F231543340079AF4A /* UsersDataListUITests.m in Sources */,
			);
			runOnlyForDeploymentPostprocessing = 0;
		};
/* End PBXSourcesBuildPhase section */

/* Begin PBXTargetDependency section */
		A6DD7911231543340079AF4A /* PBXTargetDependency */ = {
			isa = PBXTargetDependency;
			target = A6DD78F3231543330079AF4A /* UsersDataList */;
			targetProxy = A6DD7910231543340079AF4A /* PBXContainerItemProxy */;
		};
		A6DD791C231543340079AF4A /* PBXTargetDependency */ = {
			isa = PBXTargetDependency;
			target = A6DD78F3231543330079AF4A /* UsersDataList */;
			targetProxy = A6DD791B231543340079AF4A /* PBXContainerItemProxy */;
		};
/* End PBXTargetDependency section */

/* Begin PBXVariantGroup section */
		A6DD78FD231543330079AF4A /* Main.storyboard */ = {
			isa = PBXVariantGroup;
			children = (
				A6DD78FE231543330079AF4A /* Base */,
			);
			name = Main.storyboard;
			sourceTree = "<group>";
		};
		A6DD7905231543340079AF4A /* LaunchScreen.storyboard */ = {
			isa = PBXVariantGroup;
			children = (
				A6DD7906231543340079AF4A /* Base */,
			);
			name = LaunchScreen.storyboard;
			sourceTree = "<group>";
		};
/* End PBXVariantGroup section */

/* Begin XCBuildConfiguration section */
		A6DD7921231543340079AF4A /* Debug */ = {
			isa = XCBuildConfiguration;
			buildSettings = {
				ALWAYS_SEARCH_USER_PATHS = NO;
				CLANG_ANALYZER_NONNULL = YES;
				CLANG_ANALYZER_NUMBER_OBJECT_CONVERSION = YES_AGGRESSIVE;
				CLANG_CXX_LANGUAGE_STANDARD = "gnu++14";
				CLANG_CXX_LIBRARY = "libc++";
				CLANG_ENABLE_MODULES = YES;
				CLANG_ENABLE_OBJC_ARC = YES;
				CLANG_ENABLE_OBJC_WEAK = YES;
				CLANG_WARN_BLOCK_CAPTURE_AUTORELEASING = YES;
				CLANG_WARN_BOOL_CONVERSION = YES;
				CLANG_WARN_COMMA = YES;
				CLANG_WARN_CONSTANT_CONVERSION = YES;
				CLANG_WARN_DEPRECATED_OBJC_IMPLEMENTATIONS = YES;
				CLANG_WARN_DIRECT_OBJC_ISA_USAGE = YES_ERROR;
				CLANG_WARN_DOCUMENTATION_COMMENTS = YES;
				CLANG_WARN_EMPTY_BODY = YES;
				CLANG_WARN_ENUM_CONVERSION = YES;
				CLANG_WARN_INFINITE_RECURSION = YES;
				CLANG_WARN_INT_CONVERSION = YES;
				CLANG_WARN_NON_LITERAL_NULL_CONVERSION = YES;
				CLANG_WARN_OBJC_IMPLICIT_RETAIN_SELF = YES;
				CLANG_WARN_OBJC_LITERAL_CONVERSION = YES;
				CLANG_WARN_OBJC_ROOT_CLASS = YES_ERROR;
				CLANG_WARN_RANGE_LOOP_ANALYSIS = YES;
				CLANG_WARN_STRICT_PROTOTYPES = YES;
				CLANG_WARN_SUSPICIOUS_MOVE = YES;
				CLANG_WARN_UNGUARDED_AVAILABILITY = YES_AGGRESSIVE;
				CLANG_WARN_UNREACHABLE_CODE = YES;
				CLANG_WARN__DUPLICATE_METHOD_MATCH = YES;
				CODE_SIGN_IDENTITY = "iPhone Developer";
				COPY_PHASE_STRIP = NO;
				DEBUG_INFORMATION_FORMAT = dwarf;
				ENABLE_STRICT_OBJC_MSGSEND = YES;
				ENABLE_TESTABILITY = YES;
				GCC_C_LANGUAGE_STANDARD = gnu11;
				GCC_DYNAMIC_NO_PIC = NO;
				GCC_NO_COMMON_BLOCKS = YES;
				GCC_OPTIMIZATION_LEVEL = 0;
				GCC_PREPROCESSOR_DEFINITIONS = (
					"DEBUG=1",
					"$(inherited)",
				);
				GCC_WARN_64_TO_32_BIT_CONVERSION = YES;
				GCC_WARN_ABOUT_RETURN_TYPE = YES_ERROR;
				GCC_WARN_UNDECLARED_SELECTOR = YES;
				GCC_WARN_UNINITIALIZED_AUTOS = YES_AGGRESSIVE;
				GCC_WARN_UNUSED_FUNCTION = YES;
				GCC_WARN_UNUSED_VARIABLE = YES;
				IPHONEOS_DEPLOYMENT_TARGET = 12.1;
				MTL_ENABLE_DEBUG_INFO = INCLUDE_SOURCE;
				MTL_FAST_MATH = YES;
				ONLY_ACTIVE_ARCH = YES;
				SDKROOT = iphoneos;
			};
			name = Debug;
		};
		A6DD7922231543340079AF4A /* Release */ = {
			isa = XCBuildConfiguration;
			buildSettings = {
				ALWAYS_SEARCH_USER_PATHS = NO;
				CLANG_ANALYZER_NONNULL = YES;
				CLANG_ANALYZER_NUMBER_OBJECT_CONVERSION = YES_AGGRESSIVE;
				CLANG_CXX_LANGUAGE_STANDARD = "gnu++14";
				CLANG_CXX_LIBRARY = "libc++";
				CLANG_ENABLE_MODULES = YES;
				CLANG_ENABLE_OBJC_ARC = YES;
				CLANG_ENABLE_OBJC_WEAK = YES;
				CLANG_WARN_BLOCK_CAPTURE_AUTORELEASING = YES;
				CLANG_WARN_BOOL_CONVERSION = YES;
				CLANG_WARN_COMMA = YES;
				CLANG_WARN_CONSTANT_CONVERSION = YES;
				CLANG_WARN_DEPRECATED_OBJC_IMPLEMENTATIONS = YES;
				CLANG_WARN_DIRECT_OBJC_ISA_USAGE = YES_ERROR;
				CLANG_WARN_DOCUMENTATION_COMMENTS = YES;
				CLANG_WARN_EMPTY_BODY = YES;
				CLANG_WARN_ENUM_CONVERSION = YES;
				CLANG_WARN_INFINITE_RECURSION = YES;
				CLANG_WARN_INT_CONVERSION = YES;
				CLANG_WARN_NON_LITERAL_NULL_CONVERSION = YES;
				CLANG_WARN_OBJC_IMPLICIT_RETAIN_SELF = YES;
				CLANG_WARN_OBJC_LITERAL_CONVERSION = YES;
				CLANG_WARN_OBJC_ROOT_CLASS = YES_ERROR;
				CLANG_WARN_RANGE_LOOP_ANALYSIS = YES;
				CLANG_WARN_STRICT_PROTOTYPES = YES;
				CLANG_WARN_SUSPICIOUS_MOVE = YES;
				CLANG_WARN_UNGUARDED_AVAILABILITY = YES_AGGRESSIVE;
				CLANG_WARN_UNREACHABLE_CODE = YES;
				CLANG_WARN__DUPLICATE_METHOD_MATCH = YES;
				CODE_SIGN_IDENTITY = "iPhone Developer";
				COPY_PHASE_STRIP = NO;
				DEBUG_INFORMATION_FORMAT = "dwarf-with-dsym";
				ENABLE_NS_ASSERTIONS = NO;
				ENABLE_STRICT_OBJC_MSGSEND = YES;
				GCC_C_LANGUAGE_STANDARD = gnu11;
				GCC_NO_COMMON_BLOCKS = YES;
				GCC_WARN_64_TO_32_BIT_CONVERSION = YES;
				GCC_WARN_ABOUT_RETURN_TYPE = YES_ERROR;
				GCC_WARN_UNDECLARED_SELECTOR = YES;
				GCC_WARN_UNINITIALIZED_AUTOS = YES_AGGRESSIVE;
				GCC_WARN_UNUSED_FUNCTION = YES;
				GCC_WARN_UNUSED_VARIABLE = YES;
				IPHONEOS_DEPLOYMENT_TARGET = 12.1;
				MTL_ENABLE_DEBUG_INFO = NO;
				MTL_FAST_MATH = YES;
				SDKROOT = iphoneos;
				VALIDATE_PRODUCT = YES;
			};
			name = Release;
		};
		A6DD7924231543340079AF4A /* Debug */ = {
			isa = XCBuildConfiguration;
			buildSettings = {
				ASSETCATALOG_COMPILER_APPICON_NAME = AppIcon;
				CODE_SIGN_STYLE = Automatic;
				DEVELOPMENT_TEAM = VAL3PFVCV2;
				INFOPLIST_FILE = UsersDataList/Info.plist;
				LD_RUNPATH_SEARCH_PATHS = (
					"$(inherited)",
					"@executable_path/Frameworks",
				);
				PRODUCT_BUNDLE_IDENTIFIER = eva.UsersDataList;
				PRODUCT_NAME = "$(TARGET_NAME)";
				TARGETED_DEVICE_FAMILY = "1,2";
			};
			name = Debug;
		};
		A6DD7925231543340079AF4A /* Release */ = {
			isa = XCBuildConfiguration;
			buildSettings = {
				ASSETCATALOG_COMPILER_APPICON_NAME = AppIcon;
				CODE_SIGN_STYLE = Automatic;
				DEVELOPMENT_TEAM = VAL3PFVCV2;
				INFOPLIST_FILE = UsersDataList/Info.plist;
				LD_RUNPATH_SEARCH_PATHS = (
					"$(inherited)",
					"@executable_path/Frameworks",
				);
				PRODUCT_BUNDLE_IDENTIFIER = eva.UsersDataList;
				PRODUCT_NAME = "$(TARGET_NAME)";
				TARGETED_DEVICE_FAMILY = "1,2";
			};
			name = Release;
		};
		A6DD7927231543340079AF4A /* Debug */ = {
			isa = XCBuildConfiguration;
			buildSettings = {
				BUNDLE_LOADER = "$(TEST_HOST)";
				CODE_SIGN_STYLE = Automatic;
				DEVELOPMENT_TEAM = VAL3PFVCV2;
				INFOPLIST_FILE = UsersDataListTests/Info.plist;
				LD_RUNPATH_SEARCH_PATHS = (
					"$(inherited)",
					"@executable_path/Frameworks",
					"@loader_path/Frameworks",
				);
				PRODUCT_BUNDLE_IDENTIFIER = eva.UsersDataListTests;
				PRODUCT_NAME = "$(TARGET_NAME)";
				TARGETED_DEVICE_FAMILY = "1,2";
				TEST_HOST = "$(BUILT_PRODUCTS_DIR)/UsersDataList.app/UsersDataList";
			};
			name = Debug;
		};
		A6DD7928231543340079AF4A /* Release */ = {
			isa = XCBuildConfiguration;
			buildSettings = {
				BUNDLE_LOADER = "$(TEST_HOST)";
				CODE_SIGN_STYLE = Automatic;
				DEVELOPMENT_TEAM = VAL3PFVCV2;
				INFOPLIST_FILE = UsersDataListTests/Info.plist;
				LD_RUNPATH_SEARCH_PATHS = (
					"$(inherited)",
					"@executable_path/Frameworks",
					"@loader_path/Frameworks",
				);
				PRODUCT_BUNDLE_IDENTIFIER = eva.UsersDataListTests;
				PRODUCT_NAME = "$(TARGET_NAME)";
				TARGETED_DEVICE_FAMILY = "1,2";
				TEST_HOST = "$(BUILT_PRODUCTS_DIR)/UsersDataList.app/UsersDataList";
			};
			name = Release;
		};
		A6DD792A231543340079AF4A /* Debug */ = {
			isa = XCBuildConfiguration;
			buildSettings = {
				CODE_SIGN_STYLE = Automatic;
				DEVELOPMENT_TEAM = VAL3PFVCV2;
				INFOPLIST_FILE = UsersDataListUITests/Info.plist;
				LD_RUNPATH_SEARCH_PATHS = (
					"$(inherited)",
					"@executable_path/Frameworks",
					"@loader_path/Frameworks",
				);
				PRODUCT_BUNDLE_IDENTIFIER = eva.UsersDataListUITests;
				PRODUCT_NAME = "$(TARGET_NAME)";
				TARGETED_DEVICE_FAMILY = "1,2";
				TEST_TARGET_NAME = UsersDataList;
			};
			name = Debug;
		};
		A6DD792B231543340079AF4A /* Release */ = {
			isa = XCBuildConfiguration;
			buildSettings = {
				CODE_SIGN_STYLE = Automatic;
				DEVELOPMENT_TEAM = VAL3PFVCV2;
				INFOPLIST_FILE = UsersDataListUITests/Info.plist;
				LD_RUNPATH_SEARCH_PATHS = (
					"$(inherited)",
					"@executable_path/Frameworks",
					"@loader_path/Frameworks",
				);
				PRODUCT_BUNDLE_IDENTIFIER = eva.UsersDataListUITests;
				PRODUCT_NAME = "$(TARGET_NAME)";
				TARGETED_DEVICE_FAMILY = "1,2";
				TEST_TARGET_NAME = UsersDataList;
			};
			name = Release;
		};
/* End XCBuildConfiguration section */

/* Begin XCConfigurationList section */
		A6DD78EF231543330079AF4A /* Build configuration list for PBXProject "UsersDataList" */ = {
			isa = XCConfigurationList;
			buildConfigurations = (
				A6DD7921231543340079AF4A /* Debug */,
				A6DD7922231543340079AF4A /* Release */,
			);
			defaultConfigurationIsVisible = 0;
			defaultConfigurationName = Release;
		};
		A6DD7923231543340079AF4A /* Build configuration list for PBXNativeTarget "UsersDataList" */ = {
			isa = XCConfigurationList;
			buildConfigurations = (
				A6DD7924231543340079AF4A /* Debug */,
				A6DD7925231543340079AF4A /* Release */,
			);
			defaultConfigurationIsVisible = 0;
			defaultConfigurationName = Release;
		};
		A6DD7926231543340079AF4A /* Build configuration list for PBXNativeTarget "UsersDataListTests" */ = {
			isa = XCConfigurationList;
			buildConfigurations = (
				A6DD7927231543340079AF4A /* Debug */,
				A6DD7928231543340079AF4A /* Release */,
			);
			defaultConfigurationIsVisible = 0;
			defaultConfigurationName = Release;
		};
		A6DD7929231543340079AF4A /* Build configuration list for PBXNativeTarget "UsersDataListUITests" */ = {
			isa = XCConfigurationList;
			buildConfigurations = (
				A6DD792A231543340079AF4A /* Debug */,
				A6DD792B231543340079AF4A /* Release */,
			);
			defaultConfigurationIsVisible = 0;
			defaultConfigurationName = Release;
		};
/* End XCConfigurationList section */

/* Begin XCVersionGroup section */
		A6DD7900231543330079AF4A /* UsersDataList.xcdatamodeld */ = {
			isa = XCVersionGroup;
			children = (
				A6DD7901231543330079AF4A /* UsersDataList.xcdatamodel */,
			);
			currentVersion = A6DD7901231543330079AF4A /* UsersDataList.xcdatamodel */;
			path = UsersDataList.xcdatamodeld;
			sourceTree = "<group>";
			versionGroupType = wrapper.xcdatamodel;
		};
/* End XCVersionGroup section */
	};
	rootObject = A6DD78EC231543330079AF4A /* Project object */;
}
